
Microsoft Visual Studio Solution File, Format Version 12.00
# Visual Studio Version 17
VisualStudioVersion = 17.14.36908.2
MinimumVisualStudioVersion = 10.0.40219.1
Project("{FAE04EC0-301F-11D3-BF4B-00C04F79EFBC}") = "Nexus", "Nexus\Nexus.csproj", "{641C5ACD-2CD8-46C9-A6B7-BBD0B7586D5B}"
EndProject
Project("{2150E333-8FDC-42A3-9474-1A3956D46DE8}") = "Web", "Web", "{02EA681E-C7D8-13C7-8484-4AC65E1B71E8}"
EndProject
Project("{FAE04EC0-301F-11D3-BF4B-00C04F79EFBC}") = "Nexus.ViewModels", "WebNexus.ViewModels\Nexus.ViewModels.csproj", "{436EFF1F-BF83-4C48-BE69-89D6BCD4CBD4}"
EndProject
Project("{FAE04EC0-301F-11D3-BF4B-00C04F79EFBC}") = "Nexus.GCommon", "Nexus.GCommon\Nexus.GCommon.csproj", "{776C12F3-B630-496B-B42F-0C16C5E75543}"
EndProject
Project("{2150E333-8FDC-42A3-9474-1A3956D46DE8}") = "Data", "Data", "{5FF96CF6-A0D8-4861-A3F6-EA3D04018794}"
EndProject
Project("{FAE04EC0-301F-11D3-BF4B-00C04F79EFBC}") = "Nexus.Data.Models", "Nexus.Data.Models\Nexus.Data.Models.csproj", "{609394DD-7E8D-46CE-9F95-3F54D50811D9}"
EndProject
Project("{FAE04EC0-301F-11D3-BF4B-00C04F79EFBC}") = "Nexus.Data", "Nexus.Data\Nexus.Data.csproj", "{06654A48-8938-4EF1-9BA0-F1CBFCF4E112}"
EndProject
Project("{2150E333-8FDC-42A3-9474-1A3956D46DE8}") = "Services", "Services", "{67F4A873-6C4B-4171-967E-8EED7BBF06C6}"
EndProject
Project("{FAE04EC0-301F-11D3-BF4B-00C04F79EFBC}") = "Nexus.Data.Services.Core", "Nexus.Data.Services.Core\Nexus.Data.Services.Core.csproj", "{BCEC7BDF-349C-41A8-85B6-30D89A352E67}"
EndProject
Project("{FAE04EC0-301F-11D3-BF4B-00C04F79EFBC}") = "Nexus.Web.Infrastructure", "Nexus.Web.Infrastructure\Nexus.Web.Infrastructure.csproj", "{0F141103-9481-46D6-B2E3-3F2C8A50A571}"
EndProject
Global
	GlobalSection(SolutionConfigurationPlatforms) = preSolution
		Debug|Any CPU = Debug|Any CPU
		Release|Any CPU = Release|Any CPU
	EndGlobalSection
	GlobalSection(ProjectConfigurationPlatforms) = postSolution
		{641C5ACD-2CD8-46C9-A6B7-BBD0B7586D5B}.Debug|Any CPU.ActiveCfg = Debug|Any CPU
		{641C5ACD-2CD8-46C9-A6B7-BBD0B7586D5B}.Debug|Any CPU.Build.0 = Debug|Any CPU
		{641C5ACD-2CD8-46C9-A6B7-BBD0B7586D5B}.Release|Any CPU.ActiveCfg = Release|Any CPU
		{641C5ACD-2CD8-46C9-A6B7-BBD0B7586D5B}.Release|Any CPU.Build.0 = Release|Any CPU
		{436EFF1F-BF83-4C48-BE69-89D6BCD4CBD4}.Debug|Any CPU.ActiveCfg = Debug|Any CPU
		{436EFF1F-BF83-4C48-BE69-89D6BCD4CBD4}.Debug|Any CPU.Build.0 = Debug|Any CPU
		{436EFF1F-BF83-4C48-BE69-89D6BCD4CBD4}.Release|Any CPU.ActiveCfg = Release|Any CPU
		{436EFF1F-BF83-4C48-BE69-89D6BCD4CBD4}.Release|Any CPU.Build.0 = Release|Any CPU
		{776C12F3-B630-496B-B42F-0C16C5E75543}.Debug|Any CPU.ActiveCfg = Debug|Any CPU
		{776C12F3-B630-496B-B42F-0C16C5E75543}.Debug|Any CPU.Build.0 = Debug|Any CPU
		{776C12F3-B630-496B-B42F-0C16C5E75543}.Release|Any CPU.ActiveCfg = Release|Any CPU
		{776C12F3-B630-496B-B42F-0C16C5E75543}.Release|Any CPU.Build.0 = Release|Any CPU
		{609394DD-7E8D-46CE-9F95-3F54D50811D9}.Debug|Any CPU.ActiveCfg = Debug|Any CPU
		{609394DD-7E8D-46CE-9F95-3F54D50811D9}.Debug|Any CPU.Build.0 = Debug|Any CPU
		{609394DD-7E8D-46CE-9F95-3F54D50811D9}.Release|Any CPU.ActiveCfg = Release|Any CPU
		{609394DD-7E8D-46CE-9F95-3F54D50811D9}.Release|Any CPU.Build.0 = Release|Any CPU
		{06654A48-8938-4EF1-9BA0-F1CBFCF4E112}.Debug|Any CPU.ActiveCfg = Debug|Any CPU
		{06654A48-8938-4EF1-9BA0-F1CBFCF4E112}.Debug|Any CPU.Build.0 = Debug|Any CPU
		{06654A48-8938-4EF1-9BA0-F1CBFCF4E112}.Release|Any CPU.ActiveCfg = Release|Any CPU
		{06654A48-8938-4EF1-9BA0-F1CBFCF4E112}.Release|Any CPU.Build.0 = Release|Any CPU
		{BCEC7BDF-349C-41A8-85B6-30D89A352E67}.Debug|Any CPU.ActiveCfg = Debug|Any CPU
		{BCEC7BDF-349C-41A8-85B6-30D89A352E67}.Debug|Any CPU.Build.0 = Debug|Any CPU
		{BCEC7BDF-349C-41A8-85B6-30D89A352E67}.Release|Any CPU.ActiveCfg = Release|Any CPU
		{BCEC7BDF-349C-41A8-85B6-30D89A352E67}.Release|Any CPU.Build.0 = Release|Any CPU
		{0F141103-9481-46D6-B2E3-3F2C8A50A571}.Debug|Any CPU.ActiveCfg = Debug|Any CPU
		{0F141103-9481-46D6-B2E3-3F2C8A50A571}.Debug|Any CPU.Build.0 = Debug|Any CPU
		{0F141103-9481-46D6-B2E3-3F2C8A50A571}.Release|Any CPU.ActiveCfg = Release|Any CPU
		{0F141103-9481-46D6-B2E3-3F2C8A50A571}.Release|Any CPU.Build.0 = Release|Any CPU
	EndGlobalSection
	GlobalSection(SolutionProperties) = preSolution
		HideSolutionNode = FALSE
	EndGlobalSection
	GlobalSection(NestedProjects) = preSolution
		{641C5ACD-2CD8-46C9-A6B7-BBD0B7586D5B} = {02EA681E-C7D8-13C7-8484-4AC65E1B71E8}
		{436EFF1F-BF83-4C48-BE69-89D6BCD4CBD4} = {02EA681E-C7D8-13C7-8484-4AC65E1B71E8}
		{609394DD-7E8D-46CE-9F95-3F54D50811D9} = {5FF96CF6-A0D8-4861-A3F6-EA3D04018794}
		{06654A48-8938-4EF1-9BA0-F1CBFCF4E112} = {5FF96CF6-A0D8-4861-A3F6-EA3D04018794}
		{BCEC7BDF-349C-41A8-85B6-30D89A352E67} = {67F4A873-6C4B-4171-967E-8EED7BBF06C6}
		{0F141103-9481-46D6-B2E3-3F2C8A50A571} = {02EA681E-C7D8-13C7-8484-4AC65E1B71E8}
	EndGlobalSection
	GlobalSection(ExtensibilityGlobals) = postSolution
		SolutionGuid = {5722E199-64E2-4B27-9BD1-8CA6EB4DC2C5}
	EndGlobalSection
EndGlobal
